
Microsoft Visual Studio Solution File, Format Version 12.00
# Visual Studio Version 17
VisualStudioVersion = 17.14.36301.6 d17.14
MinimumVisualStudioVersion = 10.0.40219.1
Project("{FAE04EC0-301F-11D3-BF4B-00C04F79EFBC}") = "ADV02", "ADV02.csproj", "{A925F8E8-199C-45FE-A640-365CC9E66C3F}"
EndProject
Global
	GlobalSection(SolutionConfigurationPlatforms) = preSolution
		Debug|Any CPU = Debug|Any CPU
		Release|Any CPU = Release|Any CPU
	EndGlobalSection
	GlobalSection(ProjectConfigurationPlatforms) = postSolution
		{A925F8E8-199C-45FE-A640-365CC9E66C3F}.Debug|Any CPU.ActiveCfg = Debug|Any CPU
		{A925F8E8-199C-45FE-A640-365CC9E66C3F}.Debug|Any CPU.Build.0 = Debug|Any CPU
		{A925F8E8-199C-45FE-A640-365CC9E66C3F}.Release|Any CPU.ActiveCfg = Release|Any CPU
		{A925F8E8-199C-45FE-A640-365CC9E66C3F}.Release|Any CPU.Build.0 = Release|Any CPU
	EndGlobalSection
	GlobalSection(SolutionProperties) = preSolution
		HideSolutionNode = FALSE
	EndGlobalSection
	GlobalSection(ExtensibilityGlobals) = postSolution
		SolutionGuid = {5613DE0D-6EC2-416C-AF8E-0BC92892FB26}
	EndGlobalSection
EndGlobal
